# This file is generated by running "yarn install" inside your project.
# Manual changes might be lost - proceed with caution!

__metadata:
  version: 8
  cacheKey: 10c0

"@types/node@npm:^22.9.3":
  version: 22.9.3
  resolution: "@types/node@npm:22.9.3"
  dependencies:
    undici-types: "npm:~6.19.8"
  checksum: 10c0/954ec72bf29436ea62425a9563914a9c1e93f97b18194acd51d74d13998a701977547ed2985ed3a0e97211b785436d28377116e5f613bfcf3182d9bd81d784dc
  languageName: node
  linkType: hard

"corepack@npm:^0.30.0":
  version: 0.30.0
  resolution: "corepack@npm:0.30.0"
  bin:
    corepack: ./dist/corepack.js
    pnpm: ./dist/pnpm.js
    pnpx: ./dist/pnpx.js
    yarn: ./dist/yarn.js
    yarnpkg: ./dist/yarnpkg.js
  checksum: 10c0/38c1dd302ce858124ee5b14b523bd70f5f056b457c2d9a58a5eae3c9ae37a95cc380f30f2eb17ef662f8530480ec001b03cd8f5d2175dec5ac104643f37f9c06
  languageName: node
  linkType: hard

"typescript@npm:^5.7.2":
  version: 5.7.2
  resolution: "typescript@npm:5.7.2"
  bin:
    tsc: bin/tsc
    tsserver: bin/tsserver
  checksum: 10c0/a873118b5201b2ef332127ef5c63fb9d9c155e6fdbe211cbd9d8e65877283797cca76546bad742eea36ed7efbe3424a30376818f79c7318512064e8625d61622
  languageName: node
  linkType: hard

"typescript@patch:typescript@npm%3A^5.7.2#optional!builtin<compat/typescript>":
  version: 5.7.2
  resolution: "typescript@patch:typescript@npm%3A5.7.2#optional!builtin<compat/typescript>::version=5.7.2&hash=5786d5"
  bin:
    tsc: bin/tsc
    tsserver: bin/tsserver
  checksum: 10c0/f3b8082c9d1d1629a215245c9087df56cb784f9fb6f27b5d55577a20e68afe2a889c040aacff6d27e35be165ecf9dca66e694c42eb9a50b3b2c451b36b5675cb
  languageName: node
  linkType: hard

"undici-types@npm:~6.19.8":
  version: 6.19.8
  resolution: "undici-types@npm:6.19.8"
  checksum: 10c0/078afa5990fba110f6824823ace86073b4638f1d5112ee26e790155f481f2a868cc3e0615505b6f4282bdf74a3d8caad715fd809e870c2bb0704e3ea6082f344
  languageName: node
  linkType: hard

"yarn-test@workspace:.":
  version: 0.0.0-use.local
  resolution: "yarn-test@workspace:."
  dependencies:
    "@types/node": "npm:^22.9.3"
    corepack: "npm:^0.30.0"
    typescript: "npm:^5.7.2"
  languageName: unknown
  linkType: soft
